lockfileVersion: '6.0'

settings:
  autoInstallPeers: true
  excludeLinksFromLockfile: false

devDependencies:
  typescript:
    specifier: ~5.6.2
    version: 5.6.2
  vite:
    specifier: ^6.0.5
    version: 6.0.5

packages:

  /@esbuild/aix-ppc64@0.24.0:
    resolution: {integrity: sha512-WtKdFM7ls47zkKHFVzMz8opM7LkcsIp9amDUBIAWirg70RM71WRSjdILPsY5Uv1D42ZpUfaPILDlfactHgsRkw==}
    engines: {node: '>=18'}
    cpu: [ppc64]
    os: [aix]
    requiresBuild: true
    dev: true
    optional: true

  /@esbuild/android-arm64@0.24.0:
    resolution: {integrity: sha512-Vsm497xFM7tTIPYK9bNTYJyF/lsP590Qc1WxJdlB6ljCbdZKU9SY8i7+Iin4kyhV/KV5J2rOKsBQbB77Ab7L/w==}
    engines: {node: '>=18'}
    cpu: [arm64]
    os: [android]
    requiresBuild: true
    dev: true
    optional: true

  /@esbuild/android-arm@0.24.0:
    resolution: {integrity: sha512-arAtTPo76fJ/ICkXWetLCc9EwEHKaeya4vMrReVlEIUCAUncH7M4bhMQ+M9Vf+FFOZJdTNMXNBrWwW+OXWpSew==}
    engines: {node: '>=18'}
    cpu: [arm]
    os: [android]
    requiresBuild: true
    dev: true
    optional: true

  /@esbuild/android-x64@0.24.0:
    resolution: {integrity: sha512-t8GrvnFkiIY7pa7mMgJd7p8p8qqYIz1NYiAoKc75Zyv73L3DZW++oYMSHPRarcotTKuSs6m3hTOa5CKHaS02TQ==}
    engines: {node: '>=18'}
    cpu: [x64]
    os: [android]
    requiresBuild: true
    dev: true
    optional: true

  /@esbuild/darwin-arm64@0.24.0:
    resolution: {integrity: sha512-CKyDpRbK1hXwv79soeTJNHb5EiG6ct3efd/FTPdzOWdbZZfGhpbcqIpiD0+vwmpu0wTIL97ZRPZu8vUt46nBSw==}
    engines: {node: '>=18'}
    cpu: [arm64]
    os: [darwin]
    requiresBuild: true
    dev: true
    optional: true

  /@esbuild/darwin-x64@0.24.0:
    resolution: {integrity: sha512-rgtz6flkVkh58od4PwTRqxbKH9cOjaXCMZgWD905JOzjFKW+7EiUObfd/Kav+A6Gyud6WZk9w+xu6QLytdi2OA==}
    engines: {node: '>=18'}
    cpu: [x64]
    os: [darwin]
    requiresBuild: true
    dev: true
    optional: true

  /@esbuild/freebsd-arm64@0.24.0:
    resolution: {integrity: sha512-6Mtdq5nHggwfDNLAHkPlyLBpE5L6hwsuXZX8XNmHno9JuL2+bg2BX5tRkwjyfn6sKbxZTq68suOjgWqCicvPXA==}
    engines: {node: '>=18'}
    cpu: [arm64]
    os: [freebsd]
    requiresBuild: true
    dev: true
    optional: true

  /@esbuild/freebsd-x64@0.24.0:
    resolution: {integrity: sha512-D3H+xh3/zphoX8ck4S2RxKR6gHlHDXXzOf6f/9dbFt/NRBDIE33+cVa49Kil4WUjxMGW0ZIYBYtaGCa2+OsQwQ==}
    engines: {node: '>=18'}
    cpu: [x64]
    os: [freebsd]
    requiresBuild: true
    dev: true
    optional: true

  /@esbuild/linux-arm64@0.24.0:
    resolution: {integrity: sha512-TDijPXTOeE3eaMkRYpcy3LarIg13dS9wWHRdwYRnzlwlA370rNdZqbcp0WTyyV/k2zSxfko52+C7jU5F9Tfj1g==}
    engines: {node: '>=18'}
    cpu: [arm64]
    os: [linux]
    requiresBuild: true
    dev: true
    optional: true

  /@esbuild/linux-arm@0.24.0:
    resolution: {integrity: sha512-gJKIi2IjRo5G6Glxb8d3DzYXlxdEj2NlkixPsqePSZMhLudqPhtZ4BUrpIuTjJYXxvF9njql+vRjB2oaC9XpBw==}
    engines: {node: '>=18'}
    cpu: [arm]
    os: [linux]
    requiresBuild: true
    dev: true
    optional: true

  /@esbuild/linux-ia32@0.24.0:
    resolution: {integrity: sha512-K40ip1LAcA0byL05TbCQ4yJ4swvnbzHscRmUilrmP9Am7//0UjPreh4lpYzvThT2Quw66MhjG//20mrufm40mA==}
    engines: {node: '>=18'}
    cpu: [ia32]
    os: [linux]
    requiresBuild: true
    dev: true
    optional: true

  /@esbuild/linux-loong64@0.24.0:
    resolution: {integrity: sha512-0mswrYP/9ai+CU0BzBfPMZ8RVm3RGAN/lmOMgW4aFUSOQBjA31UP8Mr6DDhWSuMwj7jaWOT0p0WoZ6jeHhrD7g==}
    engines: {node: '>=18'}
    cpu: [loong64]
    os: [linux]
    requiresBuild: true
    dev: true
    optional: true

  /@esbuild/linux-mips64el@0.24.0:
    resolution: {integrity: sha512-hIKvXm0/3w/5+RDtCJeXqMZGkI2s4oMUGj3/jM0QzhgIASWrGO5/RlzAzm5nNh/awHE0A19h/CvHQe6FaBNrRA==}
    engines: {node: '>=18'}
    cpu: [mips64el]
    os: [linux]
    requiresBuild: true
    dev: true
    optional: true

  /@esbuild/linux-ppc64@0.24.0:
    resolution: {integrity: sha512-HcZh5BNq0aC52UoocJxaKORfFODWXZxtBaaZNuN3PUX3MoDsChsZqopzi5UupRhPHSEHotoiptqikjN/B77mYQ==}
    engines: {node: '>=18'}
    cpu: [ppc64]
    os: [linux]
    requiresBuild: true
    dev: true
    optional: true

  /@esbuild/linux-riscv64@0.24.0:
    resolution: {integrity: sha512-bEh7dMn/h3QxeR2KTy1DUszQjUrIHPZKyO6aN1X4BCnhfYhuQqedHaa5MxSQA/06j3GpiIlFGSsy1c7Gf9padw==}
    engines: {node: '>=18'}
    cpu: [riscv64]
    os: [linux]
    requiresBuild: true
    dev: true
    optional: true

  /@esbuild/linux-s390x@0.24.0:
    resolution: {integrity: sha512-ZcQ6+qRkw1UcZGPyrCiHHkmBaj9SiCD8Oqd556HldP+QlpUIe2Wgn3ehQGVoPOvZvtHm8HPx+bH20c9pvbkX3g==}
    engines: {node: '>=18'}
    cpu: [s390x]
    os: [linux]
    requiresBuild: true
    dev: true
    optional: true

  /@esbuild/linux-x64@0.24.0:
    resolution: {integrity: sha512-vbutsFqQ+foy3wSSbmjBXXIJ6PL3scghJoM8zCL142cGaZKAdCZHyf+Bpu/MmX9zT9Q0zFBVKb36Ma5Fzfa8xA==}
    engines: {node: '>=18'}
    cpu: [x64]
    os: [linux]
    requiresBuild: true
    dev: true
    optional: true

  /@esbuild/netbsd-x64@0.24.0:
    resolution: {integrity: sha512-hjQ0R/ulkO8fCYFsG0FZoH+pWgTTDreqpqY7UnQntnaKv95uP5iW3+dChxnx7C3trQQU40S+OgWhUVwCjVFLvg==}
    engines: {node: '>=18'}
    cpu: [x64]
    os: [netbsd]
    requiresBuild: true
    dev: true
    optional: true

  /@esbuild/openbsd-arm64@0.24.0:
    resolution: {integrity: sha512-MD9uzzkPQbYehwcN583yx3Tu5M8EIoTD+tUgKF982WYL9Pf5rKy9ltgD0eUgs8pvKnmizxjXZyLt0z6DC3rRXg==}
    engines: {node: '>=18'}
    cpu: [arm64]
    os: [openbsd]
    requiresBuild: true
    dev: true
    optional: true

  /@esbuild/openbsd-x64@0.24.0:
    resolution: {integrity: sha512-4ir0aY1NGUhIC1hdoCzr1+5b43mw99uNwVzhIq1OY3QcEwPDO3B7WNXBzaKY5Nsf1+N11i1eOfFcq+D/gOS15Q==}
    engines: {node: '>=18'}
    cpu: [x64]
    os: [openbsd]
    requiresBuild: true
    dev: true
    optional: true

  /@esbuild/sunos-x64@0.24.0:
    resolution: {integrity: sha512-jVzdzsbM5xrotH+W5f1s+JtUy1UWgjU0Cf4wMvffTB8m6wP5/kx0KiaLHlbJO+dMgtxKV8RQ/JvtlFcdZ1zCPA==}
    engines: {node: '>=18'}
    cpu: [x64]
    os: [sunos]
    requiresBuild: true
    dev: true
    optional: true

  /@esbuild/win32-arm64@0.24.0:
    resolution: {integrity: sha512-iKc8GAslzRpBytO2/aN3d2yb2z8XTVfNV0PjGlCxKo5SgWmNXx82I/Q3aG1tFfS+A2igVCY97TJ8tnYwpUWLCA==}
    engines: {node: '>=18'}
    cpu: [arm64]
    os: [win32]
    requiresBuild: true
    dev: true
    optional: true

  /@esbuild/win32-ia32@0.24.0:
    resolution: {integrity: sha512-vQW36KZolfIudCcTnaTpmLQ24Ha1RjygBo39/aLkM2kmjkWmZGEJ5Gn9l5/7tzXA42QGIoWbICfg6KLLkIw6yw==}
    engines: {node: '>=18'}
    cpu: [ia32]
    os: [win32]
    requiresBuild: true
    dev: true
    optional: true

  /@esbuild/win32-x64@0.24.0:
    resolution: {integrity: sha512-7IAFPrjSQIJrGsK6flwg7NFmwBoSTyF3rl7If0hNUFQU4ilTsEPL6GuMuU9BfIWVVGuRnuIidkSMC+c0Otu8IA==}
    engines: {node: '>=18'}
    cpu: [x64]
    os: [win32]
    requiresBuild: true
    dev: true
    optional: true

  /@rollup/rollup-android-arm-eabi@4.34.1:
    resolution: {integrity: sha512-kwctwVlswSEsr4ljpmxKrRKp1eG1v2NAhlzFzDf1x1OdYaMjBYjDCbHkzWm57ZXzTwqn8stMXgROrnMw8dJK3w==}
    cpu: [arm]
    os: [android]
    requiresBuild: true
    dev: true
    optional: true

  /@rollup/rollup-android-arm64@4.34.1:
    resolution: {integrity: sha512-4H5ZtZitBPlbPsTv6HBB8zh1g5d0T8TzCmpndQdqq20Ugle/nroOyDMf9p7f88Gsu8vBLU78/cuh8FYHZqdXxw==}
    cpu: [arm64]
    os: [android]
    requiresBuild: true
    dev: true
    optional: true

  /@rollup/rollup-darwin-arm64@4.34.1:
    resolution: {integrity: sha512-f2AJ7Qwx9z25hikXvg+asco8Sfuc5NCLg8rmqQBIOUoWys5sb/ZX9RkMZDPdnnDevXAMJA5AWLnRBmgdXGEUiA==}
    cpu: [arm64]
    os: [darwin]
    requiresBuild: true
    dev: true
    optional: true

  /@rollup/rollup-darwin-x64@4.34.1:
    resolution: {integrity: sha512-+/2JBrRfISCsWE4aEFXxd+7k9nWGXA8+wh7ZUHn/u8UDXOU9LN+QYKKhd57sIn6WRcorOnlqPMYFIwie/OHXWw==}
    cpu: [x64]
    os: [darwin]
    requiresBuild: true
    dev: true
    optional: true

  /@rollup/rollup-freebsd-arm64@4.34.1:
    resolution: {integrity: sha512-SUeB0pYjIXwT2vfAMQ7E4ERPq9VGRrPR7Z+S4AMssah5EHIilYqjWQoTn5dkDtuIJUSTs8H+C9dwoEcg3b0sCA==}
    cpu: [arm64]
    os: [freebsd]
    requiresBuild: true
    dev: true
    optional: true

  /@rollup/rollup-freebsd-x64@4.34.1:
    resolution: {integrity: sha512-L3T66wAZiB/ooiPbxz0s6JEX6Sr2+HfgPSK+LMuZkaGZFAFCQAHiP3dbyqovYdNaiUXcl9TlgnIbcsIicAnOZg==}
    cpu: [x64]
    os: [freebsd]
    requiresBuild: true
    dev: true
    optional: true

  /@rollup/rollup-linux-arm-gnueabihf@4.34.1:
    resolution: {integrity: sha512-UBXdQ4+ATARuFgsFrQ+tAsKvBi/Hly99aSVdeCUiHV9dRTTpMU7OrM3WXGys1l40wKVNiOl0QYY6cZQJ2xhKlQ==}
    cpu: [arm]
    os: [linux]
    requiresBuild: true
    dev: true
    optional: true

  /@rollup/rollup-linux-arm-musleabihf@4.34.1:
    resolution: {integrity: sha512-m/yfZ25HGdcCSwmopEJm00GP7xAUyVcBPjttGLRAqZ60X/bB4Qn6gP7XTwCIU6bITeKmIhhwZ4AMh2XLro+4+w==}
    cpu: [arm]
    os: [linux]
    requiresBuild: true
    dev: true
    optional: true

  /@rollup/rollup-linux-arm64-gnu@4.34.1:
    resolution: {integrity: sha512-Wy+cUmFuvziNL9qWRRzboNprqSQ/n38orbjRvd6byYWridp5TJ3CD+0+HUsbcWVSNz9bxkDUkyASGP0zS7GAvg==}
    cpu: [arm64]
    os: [linux]
    requiresBuild: true
    dev: true
    optional: true

  /@rollup/rollup-linux-arm64-musl@4.34.1:
    resolution: {integrity: sha512-CQ3MAGgiFmQW5XJX5W3wnxOBxKwFlUAgSXFA2SwgVRjrIiVt5LHfcQLeNSHKq5OEZwv+VCBwlD1+YKCjDG8cpg==}
    cpu: [arm64]
    os: [linux]
    requiresBuild: true
    dev: true
    optional: true

  /@rollup/rollup-linux-loongarch64-gnu@4.34.1:
    resolution: {integrity: sha512-rSzb1TsY4lSwH811cYC3OC2O2mzNMhM13vcnA7/0T6Mtreqr3/qs6WMDriMRs8yvHDI54qxHgOk8EV5YRAHFbw==}
    cpu: [loong64]
    os: [linux]
    requiresBuild: true
    dev: true
    optional: true

  /@rollup/rollup-linux-powerpc64le-gnu@4.34.1:
    resolution: {integrity: sha512-fwr0n6NS0pG3QxxlqVYpfiY64Fd1Dqd8Cecje4ILAV01ROMp4aEdCj5ssHjRY3UwU7RJmeWd5fi89DBqMaTawg==}
    cpu: [ppc64]
    os: [linux]
    requiresBuild: true
    dev: true
    optional: true

  /@rollup/rollup-linux-riscv64-gnu@4.34.1:
    resolution: {integrity: sha512-4uJb9qz7+Z/yUp5RPxDGGGUcoh0PnKF33QyWgEZ3X/GocpWb6Mb+skDh59FEt5d8+Skxqs9mng6Swa6B2AmQZg==}
    cpu: [riscv64]
    os: [linux]
    requiresBuild: true
    dev: true
    optional: true

  /@rollup/rollup-linux-s390x-gnu@4.34.1:
    resolution: {integrity: sha512-QlIo8ndocWBEnfmkYqj8vVtIUpIqJjfqKggjy7IdUncnt8BGixte1wDON7NJEvLg3Kzvqxtbo8tk+U1acYEBlw==}
    cpu: [s390x]
    os: [linux]
    requiresBuild: true
    dev: true
    optional: true

  /@rollup/rollup-linux-x64-gnu@4.34.1:
    resolution: {integrity: sha512-hzpleiKtq14GWjz3ahWvJXgU1DQC9DteiwcsY4HgqUJUGxZThlL66MotdUEK9zEo0PK/2ADeZGM9LIondE302A==}
    cpu: [x64]
    os: [linux]
    requiresBuild: true
    dev: true
    optional: true

  /@rollup/rollup-linux-x64-musl@4.34.1:
    resolution: {integrity: sha512-jqtKrO715hDlvUcEsPn55tZt2TEiBvBtCMkUuU0R6fO/WPT7lO9AONjPbd8II7/asSiNVQHCMn4OLGigSuxVQA==}
    cpu: [x64]
    os: [linux]
    requiresBuild: true
    dev: true
    optional: true

  /@rollup/rollup-win32-arm64-msvc@4.34.1:
    resolution: {integrity: sha512-RnHy7yFf2Wz8Jj1+h8klB93N0NHNHXFhNwAmiy9zJdpY7DE01VbEVtPdrK1kkILeIbHGRJjvfBDBhnxBr8kD4g==}
    cpu: [arm64]
    os: [win32]
    requiresBuild: true
    dev: true
    optional: true

  /@rollup/rollup-win32-ia32-msvc@4.34.1:
    resolution: {integrity: sha512-i7aT5HdiZIcd7quhzvwQ2oAuX7zPYrYfkrd1QFfs28Po/i0q6kas/oRrzGlDhAEyug+1UfUtkWdmoVlLJj5x9Q==}
    cpu: [ia32]
    os: [win32]
    requiresBuild: true
    dev: true
    optional: true

  /@rollup/rollup-win32-x64-msvc@4.34.1:
    resolution: {integrity: sha512-k3MVFD9Oq+laHkw2N2v7ILgoa9017ZMF/inTtHzyTVZjYs9cSH18sdyAf6spBAJIGwJ5UaC7et2ZH1WCdlhkMw==}
    cpu: [x64]
    os: [win32]
    requiresBuild: true
    dev: true
    optional: true

  /@types/estree@1.0.6:
    resolution: {integrity: sha512-AYnb1nQyY49te+VRAVgmzfcgjYS91mY5P0TKUDCLEM+gNnA+3T6rWITXRLYCpahpqSQbN5cE+gHpnPyXjHWxcw==}
    dev: true

  /esbuild@0.24.0:
    resolution: {integrity: sha512-FuLPevChGDshgSicjisSooU0cemp/sGXR841D5LHMB7mTVOmsEHcAxaH3irL53+8YDIeVNQEySh4DaYU/iuPqQ==}
    engines: {node: '>=18'}
    hasBin: true
    requiresBuild: true
    optionalDependencies:
      '@esbuild/aix-ppc64': 0.24.0
      '@esbuild/android-arm': 0.24.0
      '@esbuild/android-arm64': 0.24.0
      '@esbuild/android-x64': 0.24.0
      '@esbuild/darwin-arm64': 0.24.0
      '@esbuild/darwin-x64': 0.24.0
      '@esbuild/freebsd-arm64': 0.24.0
      '@esbuild/freebsd-x64': 0.24.0
      '@esbuild/linux-arm': 0.24.0
      '@esbuild/linux-arm64': 0.24.0
      '@esbuild/linux-ia32': 0.24.0
      '@esbuild/linux-loong64': 0.24.0
      '@esbuild/linux-mips64el': 0.24.0
      '@esbuild/linux-ppc64': 0.24.0
      '@esbuild/linux-riscv64': 0.24.0
      '@esbuild/linux-s390x': 0.24.0
      '@esbuild/linux-x64': 0.24.0
      '@esbuild/netbsd-x64': 0.24.0
      '@esbuild/openbsd-arm64': 0.24.0
      '@esbuild/openbsd-x64': 0.24.0
      '@esbuild/sunos-x64': 0.24.0
      '@esbuild/win32-arm64': 0.24.0
      '@esbuild/win32-ia32': 0.24.0
      '@esbuild/win32-x64': 0.24.0
    dev: true

  /fsevents@2.3.3:
    resolution: {integrity: sha512-5xoDfX+fL7faATnagmWPpbFtwh/R77WmMMqqHGS65C3vvB0YHrgF+B1YmZ3441tMj5n63k0212XNoJwzlhffQw==}
    engines: {node: ^8.16.0 || ^10.6.0 || >=11.0.0}
    os: [darwin]
    requiresBuild: true
    dev: true
    optional: true

  /nanoid@3.3.8:
    resolution: {integrity: sha512-WNLf5Sd8oZxOm+TzppcYk8gVOgP+l58xNy58D0nbUnOxOWRWvlcCV4kUF7ltmI6PsrLl/BgKEyS4mqsGChFN0w==}
    engines: {node: ^10 || ^12 || ^13.7 || ^14 || >=15.0.1}
    hasBin: true
    dev: true

  /picocolors@1.1.1:
    resolution: {integrity: sha512-xceH2snhtb5M9liqDsmEw56le376mTZkEX/jEb/RxNFyegNul7eNslCXP9FDj/Lcu0X8KEyMceP2ntpaHrDEVA==}
    dev: true

  /postcss@8.5.1:
    resolution: {integrity: sha512-6oz2beyjc5VMn/KV1pPw8fliQkhBXrVn1Z3TVyqZxU8kZpzEKhBdmCFqI6ZbmGtamQvQGuU1sgPTk8ZrXDD7jQ==}
    engines: {node: ^10 || ^12 || >=14}
    dependencies:
      nanoid: 3.3.8
      picocolors: 1.1.1
      source-map-js: 1.2.1
    dev: true

  /rollup@4.34.1:
    resolution: {integrity: sha512-iYZ/+PcdLYSGfH3S+dGahlW/RWmsqDhLgj1BT9DH/xXJ0ggZN7xkdP9wipPNjjNLczI+fmMLmTB9pye+d2r4GQ==}
    engines: {node: '>=18.0.0', npm: '>=8.0.0'}
    hasBin: true
    dependencies:
      '@types/estree': 1.0.6
    optionalDependencies:
      '@rollup/rollup-android-arm-eabi': 4.34.1
      '@rollup/rollup-android-arm64': 4.34.1
      '@rollup/rollup-darwin-arm64': 4.34.1
      '@rollup/rollup-darwin-x64': 4.34.1
      '@rollup/rollup-freebsd-arm64': 4.34.1
      '@rollup/rollup-freebsd-x64': 4.34.1
      '@rollup/rollup-linux-arm-gnueabihf': 4.34.1
      '@rollup/rollup-linux-arm-musleabihf': 4.34.1
      '@rollup/rollup-linux-arm64-gnu': 4.34.1
      '@rollup/rollup-linux-arm64-musl': 4.34.1
      '@rollup/rollup-linux-loongarch64-gnu': 4.34.1
      '@rollup/rollup-linux-powerpc64le-gnu': 4.34.1
      '@rollup/rollup-linux-riscv64-gnu': 4.34.1
      '@rollup/rollup-linux-s390x-gnu': 4.34.1
      '@rollup/rollup-linux-x64-gnu': 4.34.1
      '@rollup/rollup-linux-x64-musl': 4.34.1
      '@rollup/rollup-win32-arm64-msvc': 4.34.1
      '@rollup/rollup-win32-ia32-msvc': 4.34.1
      '@rollup/rollup-win32-x64-msvc': 4.34.1
      fsevents: 2.3.3
    dev: true

  /source-map-js@1.2.1:
    resolution: {integrity: sha512-UXWMKhLOwVKb728IUtQPXxfYU+usdybtUrK/8uGE8CQMvrhOpwvzDBwj0QhSL7MQc7vIsISBG8VQ8+IDQxpfQA==}
    engines: {node: '>=0.10.0'}
    dev: true

  /typescript@5.6.2:
    resolution: {integrity: sha512-NW8ByodCSNCwZeghjN3o+JX5OFH0Ojg6sadjEKY4huZ52TqbJTJnDo5+Tw98lSy63NZvi4n+ez5m2u5d4PkZyw==}
    engines: {node: '>=14.17'}
    hasBin: true
    dev: true

  /vite@6.0.5:
    resolution: {integrity: sha512-akD5IAH/ID5imgue2DYhzsEwCi0/4VKY31uhMLEYJwPP4TiUp8pL5PIK+Wo7H8qT8JY9i+pVfPydcFPYD1EL7g==}
    engines: {node: ^18.0.0 || ^20.0.0 || >=22.0.0}
    hasBin: true
    peerDependencies:
      '@types/node': ^18.0.0 || ^20.0.0 || >=22.0.0
      jiti: '>=1.21.0'
      less: '*'
      lightningcss: ^1.21.0
      sass: '*'
      sass-embedded: '*'
      stylus: '*'
      sugarss: '*'
      terser: ^5.16.0
      tsx: ^4.8.1
      yaml: ^2.4.2
    peerDependenciesMeta:
      '@types/node':
        optional: true
      jiti:
        optional: true
      less:
        optional: true
      lightningcss:
        optional: true
      sass:
        optional: true
      sass-embedded:
        optional: true
      stylus:
        optional: true
      sugarss:
        optional: true
      terser:
        optional: true
      tsx:
        optional: true
      yaml:
        optional: true
    dependencies:
      esbuild: 0.24.0
      postcss: 8.5.1
      rollup: 4.34.1
    optionalDependencies:
      fsevents: 2.3.3
    dev: true
